
Microsoft Visual Studio Solution File, Format Version 12.00
# Visual Studio 15
VisualStudioVersion = 15.0.27004.2010
MinimumVisualStudioVersion = 10.0.40219.1
Project("{FAE04EC0-301F-11D3-BF4B-00C04F79EFBC}") = "TableclothFinal", "TableclothFinal\TableclothFinal.csproj", "{0A9325CF-9F97-4746-BA23-7AD2F24ED7F6}"
EndProject
Global
	GlobalSection(SolutionConfigurationPlatforms) = preSolution
		Debug|Any CPU = Debug|Any CPU
		Release|Any CPU = Release|Any CPU
	EndGlobalSection
	GlobalSection(ProjectConfigurationPlatforms) = postSolution
		{0A9325CF-9F97-4746-BA23-7AD2F24ED7F6}.Debug|Any CPU.ActiveCfg = Debug|Any CPU
		{0A9325CF-9F97-4746-BA23-7AD2F24ED7F6}.Debug|Any CPU.Build.0 = Debug|Any CPU
		{0A9325CF-9F97-4746-BA23-7AD2F24ED7F6}.Release|Any CPU.ActiveCfg = Release|Any CPU
		{0A9325CF-9F97-4746-BA23-7AD2F24ED7F6}.Release|Any CPU.Build.0 = Release|Any CPU
	EndGlobalSection
	GlobalSection(SolutionProperties) = preSolution
		HideSolutionNode = FALSE
	EndGlobalSection
	GlobalSection(ExtensibilityGlobals) = postSolution
		SolutionGuid = {D281CB29-2C91-49DC-9843-CEA2AF1214B4}
	EndGlobalSection
EndGlobal
